
Microsoft Visual Studio Solution File, Format Version 12.00
# Visual Studio Version 16
VisualStudioVersion = 16.0.30907.101
MinimumVisualStudioVersion = 10.0.40219.1
Project("{9A19103F-16F7-4668-BE54-9A1E7A4F7556}") = "TravelogApi", "TravelogApi\TravelogApi.csproj", "{457C8989-E636-4597-9FBE-F963435A029A}"
EndProject
Project("{9A19103F-16F7-4668-BE54-9A1E7A4F7556}") = "Persistence", "Persistence\Persistence.csproj", "{FA866F1B-9E86-4E3F-953C-511BB476F832}"
EndProject
Project("{9A19103F-16F7-4668-BE54-9A1E7A4F7556}") = "Domain", "Domain\Domain.csproj", "{8D0D46E3-D90A-4E24-89E9-8A7C39B3BE36}"
EndProject
Project("{9A19103F-16F7-4668-BE54-9A1E7A4F7556}") = "DataAccess", "DataAccess\DataAccess.csproj", "{F7E5734C-7142-4A23-8AF1-3792F26C3EB9}"
EndProject
Project("{FAE04EC0-301F-11D3-BF4B-00C04F79EFBC}") = "Business", "Business\Business.csproj", "{7B955F7F-6DBF-4DBB-891A-69E55A80DCCB}"
EndProject
Global
	GlobalSection(SolutionConfigurationPlatforms) = preSolution
		Debug|Any CPU = Debug|Any CPU
		Release|Any CPU = Release|Any CPU
	EndGlobalSection
	GlobalSection(ProjectConfigurationPlatforms) = postSolution
		{457C8989-E636-4597-9FBE-F963435A029A}.Debug|Any CPU.ActiveCfg = Debug|Any CPU
		{457C8989-E636-4597-9FBE-F963435A029A}.Debug|Any CPU.Build.0 = Debug|Any CPU
		{457C8989-E636-4597-9FBE-F963435A029A}.Release|Any CPU.ActiveCfg = Release|Any CPU
		{457C8989-E636-4597-9FBE-F963435A029A}.Release|Any CPU.Build.0 = Release|Any CPU
		{FA866F1B-9E86-4E3F-953C-511BB476F832}.Debug|Any CPU.ActiveCfg = Debug|Any CPU
		{FA866F1B-9E86-4E3F-953C-511BB476F832}.Debug|Any CPU.Build.0 = Debug|Any CPU
		{FA866F1B-9E86-4E3F-953C-511BB476F832}.Release|Any CPU.ActiveCfg = Release|Any CPU
		{FA866F1B-9E86-4E3F-953C-511BB476F832}.Release|Any CPU.Build.0 = Release|Any CPU
		{8D0D46E3-D90A-4E24-89E9-8A7C39B3BE36}.Debug|Any CPU.ActiveCfg = Debug|Any CPU
		{8D0D46E3-D90A-4E24-89E9-8A7C39B3BE36}.Debug|Any CPU.Build.0 = Debug|Any CPU
		{8D0D46E3-D90A-4E24-89E9-8A7C39B3BE36}.Release|Any CPU.ActiveCfg = Release|Any CPU
		{8D0D46E3-D90A-4E24-89E9-8A7C39B3BE36}.Release|Any CPU.Build.0 = Release|Any CPU
		{F7E5734C-7142-4A23-8AF1-3792F26C3EB9}.Debug|Any CPU.ActiveCfg = Debug|Any CPU
		{F7E5734C-7142-4A23-8AF1-3792F26C3EB9}.Debug|Any CPU.Build.0 = Debug|Any CPU
		{F7E5734C-7142-4A23-8AF1-3792F26C3EB9}.Release|Any CPU.ActiveCfg = Release|Any CPU
		{F7E5734C-7142-4A23-8AF1-3792F26C3EB9}.Release|Any CPU.Build.0 = Release|Any CPU
		{7B955F7F-6DBF-4DBB-891A-69E55A80DCCB}.Debug|Any CPU.ActiveCfg = Debug|Any CPU
		{7B955F7F-6DBF-4DBB-891A-69E55A80DCCB}.Debug|Any CPU.Build.0 = Debug|Any CPU
		{7B955F7F-6DBF-4DBB-891A-69E55A80DCCB}.Release|Any CPU.ActiveCfg = Release|Any CPU
		{7B955F7F-6DBF-4DBB-891A-69E55A80DCCB}.Release|Any CPU.Build.0 = Release|Any CPU
	EndGlobalSection
	GlobalSection(SolutionProperties) = preSolution
		HideSolutionNode = FALSE
	EndGlobalSection
	GlobalSection(ExtensibilityGlobals) = postSolution
		SolutionGuid = {96FC0905-BB39-46E7-AFC9-BDFC1D7E2F05}
	EndGlobalSection
EndGlobal
